
Microsoft Visual Studio Solution File, Format Version 12.00
# Visual Studio Version 17
VisualStudioVersion = 17.5.33516.290
MinimumVisualStudioVersion = 10.0.40219.1
Project("{FAE04EC0-301F-11D3-BF4B-00C04F79EFBC}") = "C# Quiz Array Homework", "C# Quiz Array Homework\C# Quiz Array Homework.csproj", "{44727476-2DFA-45CF-BDE0-E34D35375533}"
EndProject
Global
	GlobalSection(SolutionConfigurationPlatforms) = preSolution
		Debug|Any CPU = Debug|Any CPU
		Release|Any CPU = Release|Any CPU
	EndGlobalSection
	GlobalSection(ProjectConfigurationPlatforms) = postSolution
		{44727476-2DFA-45CF-BDE0-E34D35375533}.Debug|Any CPU.ActiveCfg = Debug|Any CPU
		{44727476-2DFA-45CF-BDE0-E34D35375533}.Debug|Any CPU.Build.0 = Debug|Any CPU
		{44727476-2DFA-45CF-BDE0-E34D35375533}.Release|Any CPU.ActiveCfg = Release|Any CPU
		{44727476-2DFA-45CF-BDE0-E34D35375533}.Release|Any CPU.Build.0 = Release|Any CPU
	EndGlobalSection
	GlobalSection(SolutionProperties) = preSolution
		HideSolutionNode = FALSE
	EndGlobalSection
	GlobalSection(ExtensibilityGlobals) = postSolution
		SolutionGuid = {7E9ED0A4-DC5A-441A-8101-CAB216AF5BE4}
	EndGlobalSection
EndGlobal
